
Microsoft Visual Studio Solution File, Format Version 12.00
# Visual Studio Version 16
VisualStudioVersion = 16.0.30717.126
MinimumVisualStudioVersion = 10.0.40219.1
Project("{FAE04EC0-301F-11D3-BF4B-00C04F79EFBC}") = "ProductManager.Web", "ProductManager.Web\ProductManager.Web.csproj", "{D50836B6-52F1-41E3-9806-1C7A9CD41100}"
EndProject
Project("{FAE04EC0-301F-11D3-BF4B-00C04F79EFBC}") = "ProductManager.Core", "ProductManager.Core\ProductManager.Core.csproj", "{DFAACDEB-A3E5-4EFE-9968-D0C166896CE7}"
EndProject
Project("{FAE04EC0-301F-11D3-BF4B-00C04F79EFBC}") = "ProductManager.Infrastructure", "ProductManager.Infrastructure\ProductManager.Infrastructure.csproj", "{3EC94716-A166-41F7-A43F-A832C77F378B}"
EndProject
Project("{FAE04EC0-301F-11D3-BF4B-00C04F79EFBC}") = "ProductManager.IntegrationTests", "ProductManager.IntegrationTests\ProductManager.IntegrationTests.csproj", "{9C7A0F51-5826-4B1B-B257-ED036EF9E700}"
EndProject
Project("{FAE04EC0-301F-11D3-BF4B-00C04F79EFBC}") = "ProductManager.UnitTests", "ProductManager.UnitTests\ProductManager.UnitTests.csproj", "{A7326271-D8C4-4C3A-93F4-250C542865DC}"
EndProject
Global
	GlobalSection(SolutionConfigurationPlatforms) = preSolution
		Debug|Any CPU = Debug|Any CPU
		Release|Any CPU = Release|Any CPU
	EndGlobalSection
	GlobalSection(ProjectConfigurationPlatforms) = postSolution
		{D50836B6-52F1-41E3-9806-1C7A9CD41100}.Debug|Any CPU.ActiveCfg = Debug|Any CPU
		{D50836B6-52F1-41E3-9806-1C7A9CD41100}.Debug|Any CPU.Build.0 = Debug|Any CPU
		{D50836B6-52F1-41E3-9806-1C7A9CD41100}.Release|Any CPU.ActiveCfg = Release|Any CPU
		{D50836B6-52F1-41E3-9806-1C7A9CD41100}.Release|Any CPU.Build.0 = Release|Any CPU
		{DFAACDEB-A3E5-4EFE-9968-D0C166896CE7}.Debug|Any CPU.ActiveCfg = Debug|Any CPU
		{DFAACDEB-A3E5-4EFE-9968-D0C166896CE7}.Debug|Any CPU.Build.0 = Debug|Any CPU
		{DFAACDEB-A3E5-4EFE-9968-D0C166896CE7}.Release|Any CPU.ActiveCfg = Release|Any CPU
		{DFAACDEB-A3E5-4EFE-9968-D0C166896CE7}.Release|Any CPU.Build.0 = Release|Any CPU
		{3EC94716-A166-41F7-A43F-A832C77F378B}.Debug|Any CPU.ActiveCfg = Debug|Any CPU
		{3EC94716-A166-41F7-A43F-A832C77F378B}.Debug|Any CPU.Build.0 = Debug|Any CPU
		{3EC94716-A166-41F7-A43F-A832C77F378B}.Release|Any CPU.ActiveCfg = Release|Any CPU
		{3EC94716-A166-41F7-A43F-A832C77F378B}.Release|Any CPU.Build.0 = Release|Any CPU
		{9C7A0F51-5826-4B1B-B257-ED036EF9E700}.Debug|Any CPU.ActiveCfg = Debug|Any CPU
		{9C7A0F51-5826-4B1B-B257-ED036EF9E700}.Debug|Any CPU.Build.0 = Debug|Any CPU
		{9C7A0F51-5826-4B1B-B257-ED036EF9E700}.Release|Any CPU.ActiveCfg = Release|Any CPU
		{9C7A0F51-5826-4B1B-B257-ED036EF9E700}.Release|Any CPU.Build.0 = Release|Any CPU
		{A7326271-D8C4-4C3A-93F4-250C542865DC}.Debug|Any CPU.ActiveCfg = Debug|Any CPU
		{A7326271-D8C4-4C3A-93F4-250C542865DC}.Debug|Any CPU.Build.0 = Debug|Any CPU
		{A7326271-D8C4-4C3A-93F4-250C542865DC}.Release|Any CPU.ActiveCfg = Release|Any CPU
		{A7326271-D8C4-4C3A-93F4-250C542865DC}.Release|Any CPU.Build.0 = Release|Any CPU
	EndGlobalSection
	GlobalSection(SolutionProperties) = preSolution
		HideSolutionNode = FALSE
	EndGlobalSection
	GlobalSection(ExtensibilityGlobals) = postSolution
		SolutionGuid = {1C967BC1-6EA6-4502-AA65-024216A37701}
	EndGlobalSection
EndGlobal
